
Microsoft Visual Studio Solution File, Format Version 12.00
# Visual Studio Version 16
VisualStudioVersion = 16.0.30406.217
MinimumVisualStudioVersion = 10.0.40219.1
Project("{8BC9CEB8-8B4A-11D0-8D11-00A0C91BC942}") = "CyclicQueue", "CyclicQueue\CyclicQueue.vcxproj", "{40E15CBE-51F0-4FA8-A668-5B938F547BFD}"
EndProject
Global
	GlobalSection(SolutionConfigurationPlatforms) = preSolution
		Debug|x64 = Debug|x64
		Debug|x86 = Debug|x86
		Release|x64 = Release|x64
		Release|x86 = Release|x86
	EndGlobalSection
	GlobalSection(ProjectConfigurationPlatforms) = postSolution
		{40E15CBE-51F0-4FA8-A668-5B938F547BFD}.Debug|x64.ActiveCfg = Debug|x64
		{40E15CBE-51F0-4FA8-A668-5B938F547BFD}.Debug|x64.Build.0 = Debug|x64
		{40E15CBE-51F0-4FA8-A668-5B938F547BFD}.Debug|x86.ActiveCfg = Debug|Win32
		{40E15CBE-51F0-4FA8-A668-5B938F547BFD}.Debug|x86.Build.0 = Debug|Win32
		{40E15CBE-51F0-4FA8-A668-5B938F547BFD}.Release|x64.ActiveCfg = Release|x64
		{40E15CBE-51F0-4FA8-A668-5B938F547BFD}.Release|x64.Build.0 = Release|x64
		{40E15CBE-51F0-4FA8-A668-5B938F547BFD}.Release|x86.ActiveCfg = Release|Win32
		{40E15CBE-51F0-4FA8-A668-5B938F547BFD}.Release|x86.Build.0 = Release|Win32
	EndGlobalSection
	GlobalSection(SolutionProperties) = preSolution
		HideSolutionNode = FALSE
	EndGlobalSection
	GlobalSection(ExtensibilityGlobals) = postSolution
		SolutionGuid = {AA5EA455-6BFC-44AC-9EC8-311BC5D14572}
	EndGlobalSection
EndGlobal
